
Microsoft Visual Studio Solution File, Format Version 12.00
# Visual Studio Version 18
VisualStudioVersion = 18.0.11222.15 d18.0
MinimumVisualStudioVersion = 10.0.40219.1
Project("{FAE04EC0-301F-11D3-BF4B-00C04F79EFBC}") = "Eternal.TheSwizzler", "Eternal.TheSwizzler\Eternal.TheSwizzler.csproj", "{9363511E-58EC-13F7-D30F-C566B7E298DA}"
	GlobalSection(PerforceSourceControlProviderSolutionProperties) = preSolution
		SolutionIsControlled = True
	EndGlobalSection
EndProject
Project("{FAE04EC0-301F-11D3-BF4B-00C04F79EFBC}") = "Eternal.TheSwizzlerTest", "Eternal.TheSwizzlerTest\Eternal.TheSwizzlerTest.csproj", "{3EEB325A-619E-C161-7404-B9E823652546}"
	GlobalSection(PerforceSourceControlProviderSolutionProperties) = preSolution
		SolutionIsControlled = True
	EndGlobalSection
EndProject
Global
	GlobalSection(SolutionConfigurationPlatforms) = preSolution
		Debug|Any CPU = Debug|Any CPU
		Release|Any CPU = Release|Any CPU
	EndGlobalSection
	GlobalSection(ProjectConfigurationPlatforms) = postSolution
		{9363511E-58EC-13F7-D30F-C566B7E298DA}.Debug|Any CPU.ActiveCfg = Debug|Any CPU
		{9363511E-58EC-13F7-D30F-C566B7E298DA}.Debug|Any CPU.Build.0 = Debug|Any CPU
		{9363511E-58EC-13F7-D30F-C566B7E298DA}.Release|Any CPU.ActiveCfg = Release|Any CPU
		{9363511E-58EC-13F7-D30F-C566B7E298DA}.Release|Any CPU.Build.0 = Release|Any CPU
		{3EEB325A-619E-C161-7404-B9E823652546}.Debug|Any CPU.ActiveCfg = Debug|Any CPU
		{3EEB325A-619E-C161-7404-B9E823652546}.Debug|Any CPU.Build.0 = Debug|Any CPU
		{3EEB325A-619E-C161-7404-B9E823652546}.Release|Any CPU.ActiveCfg = Release|Any CPU
		{3EEB325A-619E-C161-7404-B9E823652546}.Release|Any CPU.Build.0 = Release|Any CPU
	EndGlobalSection
	GlobalSection(SolutionProperties) = preSolution
		HideSolutionNode = FALSE
	EndGlobalSection
	GlobalSection(ExtensibilityGlobals) = postSolution
		SolutionGuid = {2352C73D-39FF-4A60-A41C-47462A8ED287}
	EndGlobalSection
	GlobalSection(PerforceSourceControlProviderSolutionProperties) = preSolution
		SolutionIsControlled = True
	EndGlobalSection
EndGlobal
