
Microsoft Visual Studio Solution File, Format Version 12.00
# Visual Studio Version 18
VisualStudioVersion = 18.0.11222.15 d18.0
MinimumVisualStudioVersion = 10.0.40219.1
Project("{9A19103F-16F7-4668-BE54-9A1E7A4F7556}") = "Eternal.UTF16MustDIE", "Eternal.UTF16MustDIE\Eternal.UTF16MustDIE.csproj", "{52209E83-6E04-4969-B0D6-25CBD64D5852}"
	GlobalSection(PerforceSourceControlProviderSolutionProperties) = preSolution
		SolutionIsControlled = True
	EndGlobalSection
EndProject
Project("{9A19103F-16F7-4668-BE54-9A1E7A4F7556}") = "Eternal.UTF16MustDIETest", "Eternal.UTF16MustDIETest\Eternal.UTF16MustDIETest.csproj", "{9FC7EA42-6F72-46C5-84ED-34E14DDA3568}"
	GlobalSection(PerforceSourceControlProviderSolutionProperties) = preSolution
		SolutionIsControlled = True
	EndGlobalSection
EndProject
Global
	GlobalSection(SolutionConfigurationPlatforms) = preSolution
		Debug|Any CPU = Debug|Any CPU
		Release|Any CPU = Release|Any CPU
	EndGlobalSection
	GlobalSection(ProjectConfigurationPlatforms) = postSolution
		{52209E83-6E04-4969-B0D6-25CBD64D5852}.Debug|Any CPU.ActiveCfg = Debug|Any CPU
		{52209E83-6E04-4969-B0D6-25CBD64D5852}.Debug|Any CPU.Build.0 = Debug|Any CPU
		{52209E83-6E04-4969-B0D6-25CBD64D5852}.Release|Any CPU.ActiveCfg = Release|Any CPU
		{52209E83-6E04-4969-B0D6-25CBD64D5852}.Release|Any CPU.Build.0 = Release|Any CPU
		{9FC7EA42-6F72-46C5-84ED-34E14DDA3568}.Debug|Any CPU.ActiveCfg = Debug|Any CPU
		{9FC7EA42-6F72-46C5-84ED-34E14DDA3568}.Debug|Any CPU.Build.0 = Debug|Any CPU
		{9FC7EA42-6F72-46C5-84ED-34E14DDA3568}.Release|Any CPU.ActiveCfg = Release|Any CPU
		{9FC7EA42-6F72-46C5-84ED-34E14DDA3568}.Release|Any CPU.Build.0 = Release|Any CPU
	EndGlobalSection
	GlobalSection(SolutionProperties) = preSolution
		HideSolutionNode = FALSE
	EndGlobalSection
	GlobalSection(ExtensibilityGlobals) = postSolution
		SolutionGuid = {A9CDDD93-DEB8-4D4C-9F7E-7D1E0729152F}
	EndGlobalSection
	GlobalSection(PerforceSourceControlProviderSolutionProperties) = preSolution
		SolutionIsControlled = True
	EndGlobalSection
EndGlobal
