<?xml version="1.0" encoding="utf-8"?>
<Project ToolsVersion="4.0" xmlns="http://schemas.microsoft.com/developer/msbuild/2003">
  <ItemGroup>
    <ClInclude Include="..\..\ThirdParty\7-Zip\lzma2501\C\7z.h" />
    <ClInclude Include="..\..\ThirdParty\7-Zip\lzma2501\C\7zAlloc.h" />
    <ClInclude Include="..\..\ThirdParty\7-Zip\lzma2501\C\7zBuf.h" />
    <ClInclude Include="..\..\ThirdParty\7-Zip\lzma2501\C\7zCrc.h" />
    <ClInclude Include="..\..\ThirdParty\7-Zip\lzma2501\C\7zFile.h" />
    <ClInclude Include="..\..\ThirdParty\7-Zip\lzma2501\C\7zTypes.h" />
    <ClInclude Include="..\..\ThirdParty\7-Zip\lzma2501\C\7zVersion.h" />
    <ClInclude Include="..\..\ThirdParty\7-Zip\lzma2501\C\7zWindows.h" />
    <ClInclude Include="..\..\ThirdParty\7-Zip\lzma2501\C\Aes.h" />
    <ClInclude Include="..\..\ThirdParty\7-Zip\lzma2501\C\Alloc.h" />
    <ClInclude Include="..\..\ThirdParty\7-Zip\lzma2501\C\Bcj2.h" />
    <ClInclude Include="..\..\ThirdParty\7-Zip\lzma2501\C\Bra.h" />
    <ClInclude Include="..\..\ThirdParty\7-Zip\lzma2501\C\Compiler.h" />
    <ClInclude Include="..\..\ThirdParty\7-Zip\lzma2501\C\CpuArch.h" />
    <ClInclude Include="..\..\ThirdParty\7-Zip\lzma2501\C\Delta.h" />
    <ClInclude Include="..\..\ThirdParty\7-Zip\lzma2501\C\DllSecur.h" />
    <ClInclude Include="..\..\ThirdParty\7-Zip\lzma2501\C\LzFind.h" />
    <ClInclude Include="..\..\ThirdParty\7-Zip\lzma2501\C\LzFindMt.h" />
    <ClInclude Include="..\..\ThirdParty\7-Zip\lzma2501\C\LzHash.h" />
    <ClInclude Include="..\..\ThirdParty\7-Zip\lzma2501\C\Lzma2Dec.h" />
    <ClInclude Include="..\..\ThirdParty\7-Zip\lzma2501\C\Lzma2DecMt.h" />
    <ClInclude Include="..\..\ThirdParty\7-Zip\lzma2501\C\Lzma2Enc.h" />
    <ClInclude Include="..\..\ThirdParty\7-Zip\lzma2501\C\Lzma86.h" />
    <ClInclude Include="..\..\ThirdParty\7-Zip\lzma2501\C\LzmaDec.h" />
    <ClInclude Include="..\..\ThirdParty\7-Zip\lzma2501\C\LzmaEnc.h" />
    <ClInclude Include="..\..\ThirdParty\7-Zip\lzma2501\C\LzmaLib.h" />
    <ClInclude Include="..\..\ThirdParty\7-Zip\lzma2501\C\MtCoder.h" />
    <ClInclude Include="..\..\ThirdParty\7-Zip\lzma2501\C\MtDec.h" />
    <ClInclude Include="..\..\ThirdParty\7-Zip\lzma2501\C\Ppmd.h" />
    <ClInclude Include="..\..\ThirdParty\7-Zip\lzma2501\C\Ppmd7.h" />
    <ClInclude Include="..\..\ThirdParty\7-Zip\lzma2501\C\Precomp.h" />
    <ClInclude Include="..\..\ThirdParty\7-Zip\lzma2501\C\RotateDefs.h" />
    <ClInclude Include="..\..\ThirdParty\7-Zip\lzma2501\C\Sha256.h" />
    <ClInclude Include="..\..\ThirdParty\7-Zip\lzma2501\C\Sort.h" />
    <ClInclude Include="..\..\ThirdParty\7-Zip\lzma2501\C\SwapBytes.h" />
    <ClInclude Include="..\..\ThirdParty\7-Zip\lzma2501\C\Threads.h" />
    <ClInclude Include="..\..\ThirdParty\7-Zip\lzma2501\C\Xz.h" />
    <ClInclude Include="..\..\ThirdParty\7-Zip\lzma2501\C\XzCrc64.h" />
    <ClInclude Include="..\..\ThirdParty\7-Zip\lzma2501\C\XzEnc.h" />
  </ItemGroup>
  <ItemGroup>
    <ClCompile Include="..\..\ThirdParty\7-Zip\lzma2501\C\7zAlloc.c" />
    <ClCompile Include="..\..\ThirdParty\7-Zip\lzma2501\C\7zArcIn.c" />
    <ClCompile Include="..\..\ThirdParty\7-Zip\lzma2501\C\7zBuf.c" />
    <ClCompile Include="..\..\ThirdParty\7-Zip\lzma2501\C\7zBuf2.c" />
    <ClCompile Include="..\..\ThirdParty\7-Zip\lzma2501\C\7zCrc.c" />
    <ClCompile Include="..\..\ThirdParty\7-Zip\lzma2501\C\7zCrcOpt.c" />
    <ClCompile Include="..\..\ThirdParty\7-Zip\lzma2501\C\7zDec.c" />
    <ClCompile Include="..\..\ThirdParty\7-Zip\lzma2501\C\7zFile.c" />
    <ClCompile Include="..\..\ThirdParty\7-Zip\lzma2501\C\7zStream.c" />
    <ClCompile Include="..\..\ThirdParty\7-Zip\lzma2501\C\Aes.c" />
    <ClCompile Include="..\..\ThirdParty\7-Zip\lzma2501\C\AesOpt.c" />
    <ClCompile Include="..\..\ThirdParty\7-Zip\lzma2501\C\Alloc.c" />
    <ClCompile Include="..\..\ThirdParty\7-Zip\lzma2501\C\Bcj2.c" />
    <ClCompile Include="..\..\ThirdParty\7-Zip\lzma2501\C\Bcj2Enc.c" />
    <ClCompile Include="..\..\ThirdParty\7-Zip\lzma2501\C\Bra.c" />
    <ClCompile Include="..\..\ThirdParty\7-Zip\lzma2501\C\Bra86.c" />
    <ClCompile Include="..\..\ThirdParty\7-Zip\lzma2501\C\BraIA64.c" />
    <ClCompile Include="..\..\ThirdParty\7-Zip\lzma2501\C\CpuArch.c" />
    <ClCompile Include="..\..\ThirdParty\7-Zip\lzma2501\C\Delta.c" />
    <ClCompile Include="..\..\ThirdParty\7-Zip\lzma2501\C\DllSecur.c" />
    <ClCompile Include="..\..\ThirdParty\7-Zip\lzma2501\C\LzFind.c" />
    <ClCompile Include="..\..\ThirdParty\7-Zip\lzma2501\C\LzFindMt.c" />
    <ClCompile Include="..\..\ThirdParty\7-Zip\lzma2501\C\LzFindOpt.c" />
    <ClCompile Include="..\..\ThirdParty\7-Zip\lzma2501\C\Lzma2Dec.c" />
    <ClCompile Include="..\..\ThirdParty\7-Zip\lzma2501\C\Lzma2DecMt.c" />
    <ClCompile Include="..\..\ThirdParty\7-Zip\lzma2501\C\Lzma2Enc.c" />
    <ClCompile Include="..\..\ThirdParty\7-Zip\lzma2501\C\Lzma86Dec.c" />
    <ClCompile Include="..\..\ThirdParty\7-Zip\lzma2501\C\Lzma86Enc.c" />
    <ClCompile Include="..\..\ThirdParty\7-Zip\lzma2501\C\LzmaDec.c" />
    <ClCompile Include="..\..\ThirdParty\7-Zip\lzma2501\C\LzmaEnc.c" />
    <ClCompile Include="..\..\ThirdParty\7-Zip\lzma2501\C\LzmaLib.c" />
    <ClCompile Include="..\..\ThirdParty\7-Zip\lzma2501\C\MtCoder.c" />
    <ClCompile Include="..\..\ThirdParty\7-Zip\lzma2501\C\MtDec.c" />
    <ClCompile Include="..\..\ThirdParty\7-Zip\lzma2501\C\Ppmd7.c" />
    <ClCompile Include="..\..\ThirdParty\7-Zip\lzma2501\C\Ppmd7Dec.c" />
    <ClCompile Include="..\..\ThirdParty\7-Zip\lzma2501\C\Ppmd7Enc.c" />
    <ClCompile Include="..\..\ThirdParty\7-Zip\lzma2501\C\Sha256.c" />
    <ClCompile Include="..\..\ThirdParty\7-Zip\lzma2501\C\Sha256Opt.c" />
    <ClCompile Include="..\..\ThirdParty\7-Zip\lzma2501\C\Sort.c" />
    <ClCompile Include="..\..\ThirdParty\7-Zip\lzma2501\C\SwapBytes.c" />
    <ClCompile Include="..\..\ThirdParty\7-Zip\lzma2501\C\Threads.c" />
    <ClCompile Include="..\..\ThirdParty\7-Zip\lzma2501\C\Xz.c" />
    <ClCompile Include="..\..\ThirdParty\7-Zip\lzma2501\C\XzCrc64.c" />
    <ClCompile Include="..\..\ThirdParty\7-Zip\lzma2501\C\XzCrc64Opt.c" />
    <ClCompile Include="..\..\ThirdParty\7-Zip\lzma2501\C\XzDec.c" />
    <ClCompile Include="..\..\ThirdParty\7-Zip\lzma2501\C\XzEnc.c" />
    <ClCompile Include="..\..\ThirdParty\7-Zip\lzma2501\C\XzIn.c" />
  </ItemGroup>
</Project>